<Solution>
  <Folder Name="/src/">
    <Project Path="src/Shumway.Builtins/Shumway.Builtins.csproj" />
    <Project Path="src/Shumway.Compile/Shumway.Compile.csproj" />
    <Project Path="src/Shumway.Compiler.Il/Shumway.Compiler.Il.csproj" />
    <Project Path="src/Shumway.Compiler/Shumway.Compiler.csproj" />
    <Project Path="src/Shumway.Core/Shumway.Core.csproj" />
    <Project Path="src/Shumway.Embedding/Shumway.Embedding.csproj" />
    <Project Path="src/Shumway.Interpreter/Shumway.Interpreter.csproj" />
    <Project Path="src/Shumway.Link/Shumway.Link.csproj" />
    <Project Path="src/Shumway.Repl/Shumway.Repl.csproj" />
    <Project Path="src/Shumway.SourceGen/Shumway.SourceGen.csproj" />
  </Folder>
  <Folder Name="/tests/">
    <Project Path="tests/Shumway.Tests.Benchmarks/Shumway.Tests.Benchmarks.csproj" />
    <Project Path="tests/Shumway.Tests.Compiler/Shumway.Tests.Compiler.csproj" />
    <Project Path="tests/Shumway.Tests.Core/Shumway.Tests.Core.csproj" />
    <Project Path="tests/Shumway.Tests.Embedding/Shumway.Tests.Embedding.csproj" />
    <Project Path="tests/Shumway.Tests.Interpreter/Shumway.Tests.Interpreter.csproj" />
    <Project Path="tests/Shumway.Tests.IsoConformance/Shumway.Tests.IsoConformance.csproj" />
  </Folder>
</Solution>
